
Microsoft Visual Studio Solution File, Format Version 12.00
# Visual Studio Version 17
VisualStudioVersion = 17.5.33627.172
MinimumVisualStudioVersion = 10.0.40219.1
Project("{FAE04EC0-301F-11D3-BF4B-00C04F79EFBC}") = "projectmanagement", "projectmanagement\projectmanagement.csproj", "{44727B2C-F23A-4BE9-8591-8F332D8F869A}"
EndProject
Global
	GlobalSection(SolutionConfigurationPlatforms) = preSolution
		Debug|Any CPU = Debug|Any CPU
		Release|Any CPU = Release|Any CPU
	EndGlobalSection
	GlobalSection(ProjectConfigurationPlatforms) = postSolution
		{44727B2C-F23A-4BE9-8591-8F332D8F869A}.Debug|Any CPU.ActiveCfg = Debug|Any CPU
		{44727B2C-F23A-4BE9-8591-8F332D8F869A}.Debug|Any CPU.Build.0 = Debug|Any CPU
		{44727B2C-F23A-4BE9-8591-8F332D8F869A}.Release|Any CPU.ActiveCfg = Release|Any CPU
		{44727B2C-F23A-4BE9-8591-8F332D8F869A}.Release|Any CPU.Build.0 = Release|Any CPU
	EndGlobalSection
	GlobalSection(SolutionProperties) = preSolution
		HideSolutionNode = FALSE
	EndGlobalSection
	GlobalSection(ExtensibilityGlobals) = postSolution
		SolutionGuid = {0D1A7941-59CD-489E-A5E4-85702064CC88}
	EndGlobalSection
EndGlobal
